
Microsoft Visual Studio Solution File, Format Version 12.00
# Visual Studio Version 17
VisualStudioVersion = 17.13.35931.197 d17.13
MinimumVisualStudioVersion = 10.0.40219.1
Project("{FAE04EC0-301F-11D3-BF4B-00C04F79EFBC}") = "fn-game-shelf-manager", "fn-game-shelf-manager\fn-game-shelf-manager.csproj", "{7BD5A4B9-5502-478D-AAAA-1DA44D454203}"
EndProject
Global
	GlobalSection(SolutionConfigurationPlatforms) = preSolution
		Debug|Any CPU = Debug|Any CPU
		Release|Any CPU = Release|Any CPU
	EndGlobalSection
	GlobalSection(ProjectConfigurationPlatforms) = postSolution
		{7BD5A4B9-5502-478D-AAAA-1DA44D454203}.Debug|Any CPU.ActiveCfg = Debug|Any CPU
		{7BD5A4B9-5502-478D-AAAA-1DA44D454203}.Debug|Any CPU.Build.0 = Debug|Any CPU
		{7BD5A4B9-5502-478D-AAAA-1DA44D454203}.Release|Any CPU.ActiveCfg = Release|Any CPU
		{7BD5A4B9-5502-478D-AAAA-1DA44D454203}.Release|Any CPU.Build.0 = Release|Any CPU
	EndGlobalSection
	GlobalSection(SolutionProperties) = preSolution
		HideSolutionNode = FALSE
	EndGlobalSection
	GlobalSection(ExtensibilityGlobals) = postSolution
		SolutionGuid = {9ADA1BE6-02AC-4F4C-8DB3-AF9C4C4AAC8B}
	EndGlobalSection
EndGlobal
